{
  "lockfileVersion": 1,
  "workspaces": {
    "": {
      "name": "the-interfold-governance",
      "devDependencies": {
        "prettier": "^3.3.3",
      },
    },
  },
  "packages": {
    "prettier": ["prettier@3.8.4", "", { "bin": { "prettier": "bin/prettier.cjs" } }, "sha512-N2MylSdi48+5N/6S5j+maeHbUSIzzZ5uOcX5Hm4QpV8Dkb1HFjfAKTKX6yNPJQD9AhcT3ifHNB66tWTTJDi11Q=="],
  }
}
