lockfileVersion: '9.0'

settings:
  autoInstallPeers: true
  excludeLinksFromLockfile: false

importers:

  .:
    dependencies:
      '@aragon/token-voting-plugin':
        specifier: github:aragon/token-voting-plugin#v1.3
        version: https://codeload.github.com/aragon/token-voting-plugin/tar.gz/30b1218de64c29c78932f95f29a0e1863779372c

packages:

  '@aragon/token-voting-plugin@https://codeload.github.com/aragon/token-voting-plugin/tar.gz/30b1218de64c29c78932f95f29a0e1863779372c':
    resolution: {gitHosted: true, integrity: sha512-okGICga6T92mNEs/pLwrI1Gc2OrzcbWW4a2ikwFtgsbdslRDWcSbhl7YbDV7+GIVOyqzNDgD2cY0CaUr1lI1/Q==, tarball: https://codeload.github.com/aragon/token-voting-plugin/tar.gz/30b1218de64c29c78932f95f29a0e1863779372c}
    version: 0.0.0

snapshots:

  '@aragon/token-voting-plugin@https://codeload.github.com/aragon/token-voting-plugin/tar.gz/30b1218de64c29c78932f95f29a0e1863779372c': {}
